
Microsoft Visual Studio Solution File, Format Version 12.00
# Visual Studio Version 16
VisualStudioVersion = 16.0.29209.62
MinimumVisualStudioVersion = 10.0.40219.1
Project("{FAE04EC0-301F-11D3-BF4B-00C04F79EFBC}") = "WPFDemo", "WPFDemo\WPFDemo.csproj", "{BBAC6285-BF26-4EB7-A7CA-BD0300BB07F0}"
EndProject
Global
	GlobalSection(SolutionConfigurationPlatforms) = preSolution
		Debug|Any CPU = Debug|Any CPU
		Release|Any CPU = Release|Any CPU
	EndGlobalSection
	GlobalSection(ProjectConfigurationPlatforms) = postSolution
		{BBAC6285-BF26-4EB7-A7CA-BD0300BB07F0}.Debug|Any CPU.ActiveCfg = Debug|Any CPU
		{BBAC6285-BF26-4EB7-A7CA-BD0300BB07F0}.Debug|Any CPU.Build.0 = Debug|Any CPU
		{BBAC6285-BF26-4EB7-A7CA-BD0300BB07F0}.Release|Any CPU.ActiveCfg = Release|Any CPU
		{BBAC6285-BF26-4EB7-A7CA-BD0300BB07F0}.Release|Any CPU.Build.0 = Release|Any CPU
	EndGlobalSection
	GlobalSection(SolutionProperties) = preSolution
		HideSolutionNode = FALSE
	EndGlobalSection
	GlobalSection(ExtensibilityGlobals) = postSolution
		SolutionGuid = {B027B88D-13F6-4225-963B-4A956EFBA39E}
	EndGlobalSection
EndGlobal
